github.com/bwNetFlow/bpfdump v0.0.0-20211012144215-af7317fdbe20 h1:uHG/qySatAxYrQ5sZKijdR3046B3Y5O1CRhPoMC9W+M=
github.com/bwNetFlow/bpfdump v0.0.0-20211012144215-af7317fdbe20/go.mod h1:uiKL5SAoNwzhIopivgWmsVtWiSZ6ZzTvKTmXt1tETxM=
github.com/bwNetFlow/protobuf/go v0.0.0-20211004083441-61e193b4b342 h1:CrEmmSVFs3Ssceezrj/KyLuTvelGH8CZkNLgVxYrQ4o=
github.com/bwNetFlow/protobuf/go v0.0.0-20211004083441-61e193b4b342/go.mod h1:kBaPxJ+ZXKXx3DoYF8OQdxtkHtH2xhdUIL51a4OE3as=
github.com/golang/protobuf v1.5.0/go.mod h1:FsONVRAS9T7sI+LIUmWTfcYkHO4aIWwzhcaSAoJOfIk=
github.com/google/go-cmp v0.5.5/go.mod h1:v8dTdLbMG2kIc/vJvl+f65V22dbkXbowE6jgT/gNBxE=
github.com/iovisor/gobpf v0.2.0 h1:34xkQxft+35GagXBk3n23eqhm0v7q0ejeVirb8sqEOQ=
github.com/iovisor/gobpf v0.2.0/go.mod h1:WSY9Jj5RhdgC3ci1QaacvbFdQ8cbrEjrpiZbLHLt2s4=
golang.org/x/xerrors v0.0.0-20191204190536-9bdfabe68543/go.mod h1:I/5z698sn9Ka8TeJc9MKroUUfqBBauWjQqLJ2OPfmY0=
google.golang.org/protobuf v1.26.0-rc.1/go.mod h1:jlhhOSvTdKEhbULTjvd4ARK9grFBp09yW+WbY/TyQbw=
google.golang.org/protobuf v1.27.1 h1:SnqbnDw1V7RiZcXPx5MEeqPv2s79L9i7BJUlG/+RurQ=
google.golang.org/protobuf v1.27.1/go.mod h1:9q0QmTI4eRPtz6boOQmLYwt+qCgq0jsYwAQnmE0givc=
